{
  "name": "prismic-contentful-migration",
  "version": "1.0.0",
  "lockfileVersion": 2,
  "requires": true,
  "packages": {
    "": {
      "name": "prismic-contentful-migration",
      "version": "1.0.0",
      "license": "ISC",
      "dependencies": {
        "@prismicio/client": "^6.5.1",
        "@prismicio/helpers": "^2.3.0",
        "dotenv": "^16.0.1",
        "minimist": "^1.2.6",
        "node-fetch": "^3.2.5"
      }
    },
    "node_modules/@prismicio/client": {
      "version": "6.5.1",
      "resolved": "https://registry.npmjs.org/@prismicio/client/-/client-6.5.1.tgz",
      "integrity": "sha512-SrluBNcTQ34UZI1oa+DLTWohaE8U2BU2QRpjZ9GOYa9Kty1RqWxFxr+qUTk7LS0QSbmVPEq1AngL5IR2HFZw2A==",
      "dependencies": {
        "@prismicio/helpers": "^2.3.0",
        "@prismicio/types": "^0.1.27"
      },
      "engines": {
        "node": ">=12.13.0"
      }
    },
    "node_modules/@prismicio/helpers": {
      "version": "2.3.0",
      "resolved": "https://registry.npmjs.org/@prismicio/helpers/-/helpers-2.3.0.tgz",
      "integrity": "sha512-/3YJ3F7bN56Pn9y2B4a3t0y4QD0zVPqaHf0Rzd5jCA7Bf0wi3oQ35KHGmP3DrYzz16aQNOZgQy/IO/80QsOYTg==",
      "dependencies": {
        "@prismicio/richtext": "^2.0.1",
        "@prismicio/types": "^0.1.27",
        "escape-html": "^1.0.3",
        "imgix-url-builder": "^0.0.3"
      },
      "engines": {
        "node": ">=12.7.0"
      }
    },
    "node_modules/@prismicio/richtext": {
      "version": "2.1.0",
      "resolved": "https://registry.npmjs.org/@prismicio/richtext/-/richtext-2.1.0.tgz",
      "integrity": "sha512-uxJaR3soPr356stoLEIcgn+68lfolwxRmlDLTF4gYDcF30rB0YFLPcdRJmhtkU6LGZXIhwUUmwMWXkhT+DV3hA==",
      "dependencies": {
        "@prismicio/types": "^0.1.22"
      },
      "engines": {
        "node": ">=12.7.0"
      }
    },
    "node_modules/@prismicio/types": {
      "version": "0.1.27",
      "resolved": "https://registry.npmjs.org/@prismicio/types/-/types-0.1.27.tgz",
      "integrity": "sha512-+Oc7EFcp6RGVMvFKQl9y9D4HtBhHeOtE0asfYhedCflQDf3OOzjE8POIu1bXTkk8i1kEWM3oYvz6yLN4yAyGWQ==",
      "engines": {
        "node": ">=12.7.0"
      }
    },
    "node_modules/data-uri-to-buffer": {
      "version": "4.0.0",
      "resolved": "https://registry.npmjs.org/data-uri-to-buffer/-/data-uri-to-buffer-4.0.0.tgz",
      "integrity": "sha512-Vr3mLBA8qWmcuschSLAOogKgQ/Jwxulv3RNE4FXnYWRGujzrRWQI4m12fQqRkwX06C0KanhLr4hK+GydchZsaA==",
      "engines": {
        "node": ">= 12"
      }
    },
    "node_modules/dotenv": {
      "version": "16.0.1",
      "resolved": "https://registry.npmjs.org/dotenv/-/dotenv-16.0.1.tgz",
      "integrity": "sha512-1K6hR6wtk2FviQ4kEiSjFiH5rpzEVi8WW0x96aztHVMhEspNpc4DVOUTEHtEva5VThQ8IaBX1Pe4gSzpVVUsKQ==",
      "engines": {
        "node": ">=12"
      }
    },
    "node_modules/escape-html": {
      "version": "1.0.3",
      "resolved": "https://registry.npmjs.org/escape-html/-/escape-html-1.0.3.tgz",
      "integrity": "sha512-NiSupZ4OeuGwr68lGIeym/ksIZMJodUGOSCZ/FSnTxcrekbvqrgdUxlJOMpijaKZVjAJrWrGs/6Jy8OMuyj9ow=="
    },
    "node_modules/fetch-blob": {
      "version": "3.1.5",
      "resolved": "https://registry.npmjs.org/fetch-blob/-/fetch-blob-3.1.5.tgz",
      "integrity": "sha512-N64ZpKqoLejlrwkIAnb9iLSA3Vx/kjgzpcDhygcqJ2KKjky8nCgUQ+dzXtbrLaWZGZNmNfQTsiQ0weZ1svglHg==",
      "funding": [
        {
          "type": "github",
          "url": "https://github.com/sponsors/jimmywarting"
        },
        {
          "type": "paypal",
          "url": "https://paypal.me/jimmywarting"
        }
      ],
      "dependencies": {
        "node-domexception": "^1.0.0",
        "web-streams-polyfill": "^3.0.3"
      },
      "engines": {
        "node": "^12.20 || >= 14.13"
      }
    },
    "node_modules/formdata-polyfill": {
      "version": "4.0.10",
      "resolved": "https://registry.npmjs.org/formdata-polyfill/-/formdata-polyfill-4.0.10.tgz",
      "integrity": "sha512-buewHzMvYL29jdeQTVILecSaZKnt/RJWjoZCF5OW60Z67/GmSLBkOFM7qh1PI3zFNtJbaZL5eQu1vLfazOwj4g==",
      "dependencies": {
        "fetch-blob": "^3.1.2"
      },
      "engines": {
        "node": ">=12.20.0"
      }
    },
    "node_modules/imgix-url-builder": {
      "version": "0.0.3",
      "resolved": "https://registry.npmjs.org/imgix-url-builder/-/imgix-url-builder-0.0.3.tgz",
      "integrity": "sha512-8Oc2Cn4+jF06sEfJcVPlWYfD2F6RjrwIMbk1xEzux8unoB5LsvFc/GL1BQ47HPaeE12ReX2nMUcjUslGYWLxHA==",
      "engines": {
        "node": ">=12.7.0"
      }
    },
    "node_modules/minimist": {
      "version": "1.2.6",
      "resolved": "https://registry.npmjs.org/minimist/-/minimist-1.2.6.tgz",
      "integrity": "sha512-Jsjnk4bw3YJqYzbdyBiNsPWHPfO++UGG749Cxs6peCu5Xg4nrena6OVxOYxrQTqww0Jmwt+Ref8rggumkTLz9Q=="
    },
    "node_modules/node-domexception": {
      "version": "1.0.0",
      "resolved": "https://registry.npmjs.org/node-domexception/-/node-domexception-1.0.0.tgz",
      "integrity": "sha512-/jKZoMpw0F8GRwl4/eLROPA3cfcXtLApP0QzLmUT/HuPCZWyB7IY9ZrMeKw2O/nFIqPQB3PVM9aYm0F312AXDQ==",
      "funding": [
        {
          "type": "github",
          "url": "https://github.com/sponsors/jimmywarting"
        },
        {
          "type": "github",
          "url": "https://paypal.me/jimmywarting"
        }
      ],
      "engines": {
        "node": ">=10.5.0"
      }
    },
    "node_modules/node-fetch": {
      "version": "3.2.5",
      "resolved": "https://registry.npmjs.org/node-fetch/-/node-fetch-3.2.5.tgz",
      "integrity": "sha512-u7zCHdJp8JXBwF09mMfo2CL6kp37TslDl1KP3hRGTlCInBtag+UO3LGVy+NF0VzvnL3PVMpA2hXh1EtECFnyhQ==",
      "dependencies": {
        "data-uri-to-buffer": "^4.0.0",
        "fetch-blob": "^3.1.4",
        "formdata-polyfill": "^4.0.10"
      },
      "engines": {
        "node": "^12.20.0 || ^14.13.1 || >=16.0.0"
      },
      "funding": {
        "type": "opencollective",
        "url": "https://opencollective.com/node-fetch"
      }
    },
    "node_modules/web-streams-polyfill": {
      "version": "3.2.1",
      "resolved": "https://registry.npmjs.org/web-streams-polyfill/-/web-streams-polyfill-3.2.1.tgz",
      "integrity": "sha512-e0MO3wdXWKrLbL0DgGnUV7WHVuw9OUvL4hjgnPkIeEvESk74gAITi5G606JtZPp39cd8HA9VQzCIvA49LpPN5Q==",
      "engines": {
        "node": ">= 8"
      }
    }
  },
  "dependencies": {
    "@prismicio/client": {
      "version": "6.5.1",
      "resolved": "https://registry.npmjs.org/@prismicio/client/-/client-6.5.1.tgz",
      "integrity": "sha512-SrluBNcTQ34UZI1oa+DLTWohaE8U2BU2QRpjZ9GOYa9Kty1RqWxFxr+qUTk7LS0QSbmVPEq1AngL5IR2HFZw2A==",
      "requires": {
        "@prismicio/helpers": "^2.3.0",
        "@prismicio/types": "^0.1.27"
      }
    },
    "@prismicio/helpers": {
      "version": "2.3.0",
      "resolved": "https://registry.npmjs.org/@prismicio/helpers/-/helpers-2.3.0.tgz",
      "integrity": "sha512-/3YJ3F7bN56Pn9y2B4a3t0y4QD0zVPqaHf0Rzd5jCA7Bf0wi3oQ35KHGmP3DrYzz16aQNOZgQy/IO/80QsOYTg==",
      "requires": {
        "@prismicio/richtext": "^2.0.1",
        "@prismicio/types": "^0.1.27",
        "escape-html": "^1.0.3",
        "imgix-url-builder": "^0.0.3"
      }
    },
    "@prismicio/richtext": {
      "version": "2.1.0",
      "resolved": "https://registry.npmjs.org/@prismicio/richtext/-/richtext-2.1.0.tgz",
      "integrity": "sha512-uxJaR3soPr356stoLEIcgn+68lfolwxRmlDLTF4gYDcF30rB0YFLPcdRJmhtkU6LGZXIhwUUmwMWXkhT+DV3hA==",
      "requires": {
        "@prismicio/types": "^0.1.22"
      }
    },
    "@prismicio/types": {
      "version": "0.1.27",
      "resolved": "https://registry.npmjs.org/@prismicio/types/-/types-0.1.27.tgz",
      "integrity": "sha512-+Oc7EFcp6RGVMvFKQl9y9D4HtBhHeOtE0asfYhedCflQDf3OOzjE8POIu1bXTkk8i1kEWM3oYvz6yLN4yAyGWQ=="
    },
    "data-uri-to-buffer": {
      "version": "4.0.0",
      "resolved": "https://registry.npmjs.org/data-uri-to-buffer/-/data-uri-to-buffer-4.0.0.tgz",
      "integrity": "sha512-Vr3mLBA8qWmcuschSLAOogKgQ/Jwxulv3RNE4FXnYWRGujzrRWQI4m12fQqRkwX06C0KanhLr4hK+GydchZsaA=="
    },
    "dotenv": {
      "version": "16.0.1",
      "resolved": "https://registry.npmjs.org/dotenv/-/dotenv-16.0.1.tgz",
      "integrity": "sha512-1K6hR6wtk2FviQ4kEiSjFiH5rpzEVi8WW0x96aztHVMhEspNpc4DVOUTEHtEva5VThQ8IaBX1Pe4gSzpVVUsKQ=="
    },
    "escape-html": {
      "version": "1.0.3",
      "resolved": "https://registry.npmjs.org/escape-html/-/escape-html-1.0.3.tgz",
      "integrity": "sha512-NiSupZ4OeuGwr68lGIeym/ksIZMJodUGOSCZ/FSnTxcrekbvqrgdUxlJOMpijaKZVjAJrWrGs/6Jy8OMuyj9ow=="
    },
    "fetch-blob": {
      "version": "3.1.5",
      "resolved": "https://registry.npmjs.org/fetch-blob/-/fetch-blob-3.1.5.tgz",
      "integrity": "sha512-N64ZpKqoLejlrwkIAnb9iLSA3Vx/kjgzpcDhygcqJ2KKjky8nCgUQ+dzXtbrLaWZGZNmNfQTsiQ0weZ1svglHg==",
      "requires": {
        "node-domexception": "^1.0.0",
        "web-streams-polyfill": "^3.0.3"
      }
    },
    "formdata-polyfill": {
      "version": "4.0.10",
      "resolved": "https://registry.npmjs.org/formdata-polyfill/-/formdata-polyfill-4.0.10.tgz",
      "integrity": "sha512-buewHzMvYL29jdeQTVILecSaZKnt/RJWjoZCF5OW60Z67/GmSLBkOFM7qh1PI3zFNtJbaZL5eQu1vLfazOwj4g==",
      "requires": {
        "fetch-blob": "^3.1.2"
      }
    },
    "imgix-url-builder": {
      "version": "0.0.3",
      "resolved": "https://registry.npmjs.org/imgix-url-builder/-/imgix-url-builder-0.0.3.tgz",
      "integrity": "sha512-8Oc2Cn4+jF06sEfJcVPlWYfD2F6RjrwIMbk1xEzux8unoB5LsvFc/GL1BQ47HPaeE12ReX2nMUcjUslGYWLxHA=="
    },
    "minimist": {
      "version": "1.2.6",
      "resolved": "https://registry.npmjs.org/minimist/-/minimist-1.2.6.tgz",
      "integrity": "sha512-Jsjnk4bw3YJqYzbdyBiNsPWHPfO++UGG749Cxs6peCu5Xg4nrena6OVxOYxrQTqww0Jmwt+Ref8rggumkTLz9Q=="
    },
    "node-domexception": {
      "version": "1.0.0",
      "resolved": "https://registry.npmjs.org/node-domexception/-/node-domexception-1.0.0.tgz",
      "integrity": "sha512-/jKZoMpw0F8GRwl4/eLROPA3cfcXtLApP0QzLmUT/HuPCZWyB7IY9ZrMeKw2O/nFIqPQB3PVM9aYm0F312AXDQ=="
    },
    "node-fetch": {
      "version": "3.2.5",
      "resolved": "https://registry.npmjs.org/node-fetch/-/node-fetch-3.2.5.tgz",
      "integrity": "sha512-u7zCHdJp8JXBwF09mMfo2CL6kp37TslDl1KP3hRGTlCInBtag+UO3LGVy+NF0VzvnL3PVMpA2hXh1EtECFnyhQ==",
      "requires": {
        "data-uri-to-buffer": "^4.0.0",
        "fetch-blob": "^3.1.4",
        "formdata-polyfill": "^4.0.10"
      }
    },
    "web-streams-polyfill": {
      "version": "3.2.1",
      "resolved": "https://registry.npmjs.org/web-streams-polyfill/-/web-streams-polyfill-3.2.1.tgz",
      "integrity": "sha512-e0MO3wdXWKrLbL0DgGnUV7WHVuw9OUvL4hjgnPkIeEvESk74gAITi5G606JtZPp39cd8HA9VQzCIvA49LpPN5Q=="
    }
  }
}
